
Microsoft Visual Studio Solution File, Format Version 12.00
# Visual Studio Version 17
VisualStudioVersion = 17.13.35806.99 d17.13
MinimumVisualStudioVersion = 10.0.40219.1
Project("{FAE04EC0-301F-11D3-BF4B-00C04F79EFBC}") = "PrimerProyectoClase01", "PrimerProyectoClase01\PrimerProyectoClase01.csproj", "{7E485E7B-143A-40AE-BE79-9D7B3101D494}"
EndProject
Global
	GlobalSection(SolutionConfigurationPlatforms) = preSolution
		Debug|Any CPU = Debug|Any CPU
		Release|Any CPU = Release|Any CPU
	EndGlobalSection
	GlobalSection(ProjectConfigurationPlatforms) = postSolution
		{7E485E7B-143A-40AE-BE79-9D7B3101D494}.Debug|Any CPU.ActiveCfg = Debug|Any CPU
		{7E485E7B-143A-40AE-BE79-9D7B3101D494}.Debug|Any CPU.Build.0 = Debug|Any CPU
		{7E485E7B-143A-40AE-BE79-9D7B3101D494}.Release|Any CPU.ActiveCfg = Release|Any CPU
		{7E485E7B-143A-40AE-BE79-9D7B3101D494}.Release|Any CPU.Build.0 = Release|Any CPU
	EndGlobalSection
	GlobalSection(SolutionProperties) = preSolution
		HideSolutionNode = FALSE
	EndGlobalSection
	GlobalSection(ExtensibilityGlobals) = postSolution
		SolutionGuid = {58C574B5-14C1-4F5E-BE12-1D0C8780E811}
	EndGlobalSection
EndGlobal
